// !$*UTF8*$!
{
	archiveVersion = 1;
	classes = {
	};
	objectVersion = 56;
	objects = {

/* Begin PBXBuildFile section */
		0427B4362B74A43400142C10 /* FirebaseAuth in Frameworks */ = {isa = PBXBuildFile; productRef = 0427B4352B74A43400142C10 /* FirebaseAuth */; };
		0427B4382B74A43400142C10 /* FirebaseAuthCombine-Community in Frameworks */ = {isa = PBXBuildFile; productRef = 0427B4372B74A43400142C10 /* FirebaseAuthCombine-Community */; };
		0427B43A2B74A43400142C10 /* FirebaseFirestore in Frameworks */ = {isa = PBXBuildFile; productRef = 0427B4392B74A43400142C10 /* FirebaseFirestore */; };
		0427B43C2B74A43400142C10 /* FirebaseFirestoreCombine-Community in Frameworks */ = {isa = PBXBuildFile; productRef = 0427B43B2B74A43400142C10 /* FirebaseFirestoreCombine-Community */; };
		0427B43E2B74A43400142C10 /* FirebaseFirestoreSwift in Frameworks */ = {isa = PBXBuildFile; productRef = 0427B43D2B74A43400142C10 /* FirebaseFirestoreSwift */; };
		0427B4402B74A4DA00142C10 /* GoogleService-Info.plist in Resources */ = {isa = PBXBuildFile; fileRef = 0427B43F2B74A4DA00142C10 /* GoogleService-Info.plist */; };
		043130E22B3F96DA00865BD9 /* RootView.swift in Sources */ = {isa = PBXBuildFile; fileRef = 043130E12B3F96DA00865BD9 /* RootView.swift */; };
		043130E62B42065A00865BD9 /* AppTabBarView.swift in Sources */ = {isa = PBXBuildFile; fileRef = 043130E52B42065A00865BD9 /* AppTabBarView.swift */; };
		043130E82B4206AF00865BD9 /* CustomTabBarView.swift in Sources */ = {isa = PBXBuildFile; fileRef = 043130E72B4206AF00865BD9 /* CustomTabBarView.swift */; };
		043130EA2B420EFF00865BD9 /* CustomTabBarContainerView.swift in Sources */ = {isa = PBXBuildFile; fileRef = 043130E92B420EFF00865BD9 /* CustomTabBarContainerView.swift */; };
		043130EC2B42310700865BD9 /* TabBarItemsPreferenceKey.swift in Sources */ = {isa = PBXBuildFile; fileRef = 043130EB2B42310700865BD9 /* TabBarItemsPreferenceKey.swift */; };
		043130EE2B42359A00865BD9 /* TabBarItem.swift in Sources */ = {isa = PBXBuildFile; fileRef = 043130ED2B42359A00865BD9 /* TabBarItem.swift */; };
		043130F12B423E1B00865BD9 /* AccountView.swift in Sources */ = {isa = PBXBuildFile; fileRef = 043130F02B423E1B00865BD9 /* AccountView.swift */; };
		043130F42B423E5500865BD9 /* LeaderBoardView.swift in Sources */ = {isa = PBXBuildFile; fileRef = 043130F32B423E5500865BD9 /* LeaderBoardView.swift */; };
		043130F72B423E7900865BD9 /* PlayView.swift in Sources */ = {isa = PBXBuildFile; fileRef = 043130F62B423E7900865BD9 /* PlayView.swift */; };
		043130FA2B42415400865BD9 /* Header.swift in Sources */ = {isa = PBXBuildFile; fileRef = 043130F92B42415400865BD9 /* Header.swift */; };
		0448B70A2B47F771000B6638 /* AccountTileView.swift in Sources */ = {isa = PBXBuildFile; fileRef = 0448B7092B47F771000B6638 /* AccountTileView.swift */; };
		0448B70D2B491E6D000B6638 /* LeaderboardTileView.swift in Sources */ = {isa = PBXBuildFile; fileRef = 0448B70C2B491E6D000B6638 /* LeaderboardTileView.swift */; };
		0448B7112B492213000B6638 /* UserImageNameView.swift in Sources */ = {isa = PBXBuildFile; fileRef = 0448B7102B492213000B6638 /* UserImageNameView.swift */; };
		0448B7142B49296F000B6638 /* SecondaryButtonView.swift in Sources */ = {isa = PBXBuildFile; fileRef = 0448B7132B49296F000B6638 /* SecondaryButtonView.swift */; };
		0448B7172B49379F000B6638 /* RecentGamesView.swift in Sources */ = {isa = PBXBuildFile; fileRef = 0448B7162B49379F000B6638 /* RecentGamesView.swift */; };
		0448B71A2B493B74000B6638 /* RecentGameView.swift in Sources */ = {isa = PBXBuildFile; fileRef = 0448B7192B493B74000B6638 /* RecentGameView.swift */; };
		04852A2F2B72093200D1B224 /* LoginView.swift in Sources */ = {isa = PBXBuildFile; fileRef = 04852A2E2B72093200D1B224 /* LoginView.swift */; };
		04852A382B72165F00D1B224 /* TextFieldModifierView.swift in Sources */ = {isa = PBXBuildFile; fileRef = 04852A372B72165F00D1B224 /* TextFieldModifierView.swift */; };
		0494F54E2B3CDCAE0069153D /* PoolyApp.swift in Sources */ = {isa = PBXBuildFile; fileRef = 0494F54D2B3CDCAE0069153D /* PoolyApp.swift */; };
		0494F5522B3CDCAE0069153D /* Assets.xcassets in Resources */ = {isa = PBXBuildFile; fileRef = 0494F5512B3CDCAE0069153D /* Assets.xcassets */; };
		0494F5552B3CDCAE0069153D /* Preview Assets.xcassets in Resources */ = {isa = PBXBuildFile; fileRef = 0494F5542B3CDCAE0069153D /* Preview Assets.xcassets */; };
		04D12C622B5386E600F11043 /* users.json in Resources */ = {isa = PBXBuildFile; fileRef = 04D12C612B5386E600F11043 /* users.json */; };
		04D12C642B53889B00F11043 /* User.swift in Sources */ = {isa = PBXBuildFile; fileRef = 04D12C632B53889B00F11043 /* User.swift */; };
		04D12C662B538B2600F11043 /* Users.swift in Sources */ = {isa = PBXBuildFile; fileRef = 04D12C652B538B2600F11043 /* Users.swift */; };
		52896B322B63587E00527528 /* PrimaryButtonView.swift in Sources */ = {isa = PBXBuildFile; fileRef = 52896B312B63587E00527528 /* PrimaryButtonView.swift */; };
		52B53CEF2B63514C00A30404 /* PlayCardView.swift in Sources */ = {isa = PBXBuildFile; fileRef = 52B53CEE2B63514C00A30404 /* PlayCardView.swift */; };
		52EE8C442B7084BF006C8FF3 /* DrawerViewController.swift in Sources */ = {isa = PBXBuildFile; fileRef = 52EE8C432B7084BF006C8FF3 /* DrawerViewController.swift */; };
/* End PBXBuildFile section */

/* Begin PBXFileReference section */
		0427B43F2B74A4DA00142C10 /* GoogleService-Info.plist */ = {isa = PBXFileReference; fileEncoding = 4; lastKnownFileType = text.plist.xml; path = "GoogleService-Info.plist"; sourceTree = "<group>"; };
		043130E12B3F96DA00865BD9 /* RootView.swift */ = {isa = PBXFileReference; lastKnownFileType = sourcecode.swift; path = RootView.swift; sourceTree = "<group>"; };
		043130E52B42065A00865BD9 /* AppTabBarView.swift */ = {isa = PBXFileReference; lastKnownFileType = sourcecode.swift; path = AppTabBarView.swift; sourceTree = "<group>"; };
		043130E72B4206AF00865BD9 /* CustomTabBarView.swift */ = {isa = PBXFileReference; lastKnownFileType = sourcecode.swift; path = CustomTabBarView.swift; sourceTree = "<group>"; };
		043130E92B420EFF00865BD9 /* CustomTabBarContainerView.swift */ = {isa = PBXFileReference; lastKnownFileType = sourcecode.swift; path = CustomTabBarContainerView.swift; sourceTree = "<group>"; };
		043130EB2B42310700865BD9 /* TabBarItemsPreferenceKey.swift */ = {isa = PBXFileReference; lastKnownFileType = sourcecode.swift; path = TabBarItemsPreferenceKey.swift; sourceTree = "<group>"; };
		043130ED2B42359A00865BD9 /* TabBarItem.swift */ = {isa = PBXFileReference; lastKnownFileType = sourcecode.swift; path = TabBarItem.swift; sourceTree = "<group>"; };
		043130F02B423E1B00865BD9 /* AccountView.swift */ = {isa = PBXFileReference; lastKnownFileType = sourcecode.swift; path = AccountView.swift; sourceTree = "<group>"; };
		043130F32B423E5500865BD9 /* LeaderBoardView.swift */ = {isa = PBXFileReference; lastKnownFileType = sourcecode.swift; path = LeaderBoardView.swift; sourceTree = "<group>"; };
		043130F62B423E7900865BD9 /* PlayView.swift */ = {isa = PBXFileReference; lastKnownFileType = sourcecode.swift; path = PlayView.swift; sourceTree = "<group>"; };
		043130F92B42415400865BD9 /* Header.swift */ = {isa = PBXFileReference; lastKnownFileType = sourcecode.swift; path = Header.swift; sourceTree = "<group>"; };
		0448B7092B47F771000B6638 /* AccountTileView.swift */ = {isa = PBXFileReference; lastKnownFileType = sourcecode.swift; path = AccountTileView.swift; sourceTree = "<group>"; };
		0448B70C2B491E6D000B6638 /* LeaderboardTileView.swift */ = {isa = PBXFileReference; lastKnownFileType = sourcecode.swift; path = LeaderboardTileView.swift; sourceTree = "<group>"; };
		0448B7102B492213000B6638 /* UserImageNameView.swift */ = {isa = PBXFileReference; lastKnownFileType = sourcecode.swift; path = UserImageNameView.swift; sourceTree = "<group>"; };
		0448B7132B49296F000B6638 /* SecondaryButtonView.swift */ = {isa = PBXFileReference; lastKnownFileType = sourcecode.swift; path = SecondaryButtonView.swift; sourceTree = "<group>"; };
		0448B7162B49379F000B6638 /* RecentGamesView.swift */ = {isa = PBXFileReference; lastKnownFileType = sourcecode.swift; path = RecentGamesView.swift; sourceTree = "<group>"; };
		0448B7192B493B74000B6638 /* RecentGameView.swift */ = {isa = PBXFileReference; lastKnownFileType = sourcecode.swift; path = RecentGameView.swift; sourceTree = "<group>"; };
		04852A2E2B72093200D1B224 /* LoginView.swift */ = {isa = PBXFileReference; lastKnownFileType = sourcecode.swift; path = LoginView.swift; sourceTree = "<group>"; };
		04852A372B72165F00D1B224 /* TextFieldModifierView.swift */ = {isa = PBXFileReference; lastKnownFileType = sourcecode.swift; path = TextFieldModifierView.swift; sourceTree = "<group>"; };
		0494F54A2B3CDCAE0069153D /* Pooly.app */ = {isa = PBXFileReference; explicitFileType = wrapper.application; includeInIndex = 0; path = Pooly.app; sourceTree = BUILT_PRODUCTS_DIR; };
		0494F54D2B3CDCAE0069153D /* PoolyApp.swift */ = {isa = PBXFileReference; lastKnownFileType = sourcecode.swift; path = PoolyApp.swift; sourceTree = "<group>"; };
		0494F5512B3CDCAE0069153D /* Assets.xcassets */ = {isa = PBXFileReference; lastKnownFileType = folder.assetcatalog; path = Assets.xcassets; sourceTree = "<group>"; };
		0494F5542B3CDCAE0069153D /* Preview Assets.xcassets */ = {isa = PBXFileReference; lastKnownFileType = folder.assetcatalog; path = "Preview Assets.xcassets"; sourceTree = "<group>"; };
		04D12C612B5386E600F11043 /* users.json */ = {isa = PBXFileReference; lastKnownFileType = text.json; path = users.json; sourceTree = "<group>"; };
		04D12C632B53889B00F11043 /* User.swift */ = {isa = PBXFileReference; lastKnownFileType = sourcecode.swift; path = User.swift; sourceTree = "<group>"; };
		04D12C652B538B2600F11043 /* Users.swift */ = {isa = PBXFileReference; lastKnownFileType = sourcecode.swift; path = Users.swift; sourceTree = "<group>"; };
		52896B312B63587E00527528 /* PrimaryButtonView.swift */ = {isa = PBXFileReference; lastKnownFileType = sourcecode.swift; path = PrimaryButtonView.swift; sourceTree = "<group>"; };
		52B53CEE2B63514C00A30404 /* PlayCardView.swift */ = {isa = PBXFileReference; lastKnownFileType = sourcecode.swift; path = PlayCardView.swift; sourceTree = "<group>"; };
		52EE8C432B7084BF006C8FF3 /* DrawerViewController.swift */ = {isa = PBXFileReference; lastKnownFileType = sourcecode.swift; path = DrawerViewController.swift; sourceTree = "<group>"; };
/* End PBXFileReference section */

/* Begin PBXFrameworksBuildPhase section */
		0494F5472B3CDCAE0069153D /* Frameworks */ = {
			isa = PBXFrameworksBuildPhase;
			buildActionMask = 2147483647;
			files = (
				0427B43E2B74A43400142C10 /* FirebaseFirestoreSwift in Frameworks */,
				0427B4362B74A43400142C10 /* FirebaseAuth in Frameworks */,
				0427B43C2B74A43400142C10 /* FirebaseFirestoreCombine-Community in Frameworks */,
				0427B4382B74A43400142C10 /* FirebaseAuthCombine-Community in Frameworks */,
				0427B43A2B74A43400142C10 /* FirebaseFirestore in Frameworks */,
			);
			runOnlyForDeploymentPostprocessing = 0;
		};
/* End PBXFrameworksBuildPhase section */

/* Begin PBXGroup section */
		043130DD2B3F956D00865BD9 /* Views */ = {
			isa = PBXGroup;
			children = (
				04852A2D2B72092300D1B224 /* Login */,
				52EE8C412B708473006C8FF3 /* Drawer */,
				52896B2F2B63584000527528 /* GenericComponents */,
				0448B7152B49378A000B6638 /* RecentGames */,
				043130F52B423E6700865BD9 /* PlayPage */,
				043130F22B423E4500865BD9 /* LeaderboardPage */,
				043130EF2B423E0D00865BD9 /* AccountPage */,
				043130DE2B3F95B500865BD9 /* CustomTabBar */,
				043130E12B3F96DA00865BD9 /* RootView.swift */,
			);
			path = Views;
			sourceTree = "<group>";
		};
		043130DE2B3F95B500865BD9 /* CustomTabBar */ = {
			isa = PBXGroup;
			children = (
				043130E52B42065A00865BD9 /* AppTabBarView.swift */,
				043130E92B420EFF00865BD9 /* CustomTabBarContainerView.swift */,
				043130EB2B42310700865BD9 /* TabBarItemsPreferenceKey.swift */,
				043130E72B4206AF00865BD9 /* CustomTabBarView.swift */,
				043130ED2B42359A00865BD9 /* TabBarItem.swift */,
			);
			path = CustomTabBar;
			sourceTree = "<group>";
		};
		043130EF2B423E0D00865BD9 /* AccountPage */ = {
			isa = PBXGroup;
			children = (
				0448B70B2B491E5A000B6638 /* LeaderboardTile */,
				0448B7082B47F75E000B6638 /* AccountTile */,
				043130F02B423E1B00865BD9 /* AccountView.swift */,
			);
			path = AccountPage;
			sourceTree = "<group>";
		};
		043130F22B423E4500865BD9 /* LeaderboardPage */ = {
			isa = PBXGroup;
			children = (
				043130F32B423E5500865BD9 /* LeaderBoardView.swift */,
			);
			path = LeaderboardPage;
			sourceTree = "<group>";
		};
		043130F52B423E6700865BD9 /* PlayPage */ = {
			isa = PBXGroup;
			children = (
				52B53CED2B63513800A30404 /* PlayCard */,
				043130F62B423E7900865BD9 /* PlayView.swift */,
			);
			path = PlayPage;
			sourceTree = "<group>";
		};
		043130F82B42414500865BD9 /* Header */ = {
			isa = PBXGroup;
			children = (
				043130F92B42415400865BD9 /* Header.swift */,
			);
			path = Header;
			sourceTree = "<group>";
		};
		0448B7082B47F75E000B6638 /* AccountTile */ = {
			isa = PBXGroup;
			children = (
				0448B7092B47F771000B6638 /* AccountTileView.swift */,
			);
			path = AccountTile;
			sourceTree = "<group>";
		};
		0448B70B2B491E5A000B6638 /* LeaderboardTile */ = {
			isa = PBXGroup;
			children = (
				0448B7102B492213000B6638 /* UserImageNameView.swift */,
				0448B70C2B491E6D000B6638 /* LeaderboardTileView.swift */,
			);
			path = LeaderboardTile;
			sourceTree = "<group>";
		};
		0448B7122B492963000B6638 /* SecondaryButton */ = {
			isa = PBXGroup;
			children = (
				0448B7132B49296F000B6638 /* SecondaryButtonView.swift */,
			);
			path = SecondaryButton;
			sourceTree = "<group>";
		};
		0448B7152B49378A000B6638 /* RecentGames */ = {
			isa = PBXGroup;
			children = (
				0448B7182B493B65000B6638 /* RecentGame */,
				0448B7162B49379F000B6638 /* RecentGamesView.swift */,
			);
			path = RecentGames;
			sourceTree = "<group>";
		};
		0448B7182B493B65000B6638 /* RecentGame */ = {
			isa = PBXGroup;
			children = (
				0448B7192B493B74000B6638 /* RecentGameView.swift */,
			);
			path = RecentGame;
			sourceTree = "<group>";
		};
		04852A2D2B72092300D1B224 /* Login */ = {
			isa = PBXGroup;
			children = (
				04852A2E2B72093200D1B224 /* LoginView.swift */,
			);
			path = Login;
			sourceTree = "<group>";
		};
		04852A362B72163E00D1B224 /* TextFieldModifier */ = {
			isa = PBXGroup;
			children = (
				04852A372B72165F00D1B224 /* TextFieldModifierView.swift */,
			);
			path = TextFieldModifier;
			sourceTree = "<group>";
		};
		0494F5412B3CDCAE0069153D = {
			isa = PBXGroup;
			children = (
				0494F54C2B3CDCAE0069153D /* Pooly */,
				0494F54B2B3CDCAE0069153D /* Products */,
			);
			sourceTree = "<group>";
		};
		0494F54B2B3CDCAE0069153D /* Products */ = {
			isa = PBXGroup;
			children = (
				0494F54A2B3CDCAE0069153D /* Pooly.app */,
			);
			name = Products;
			sourceTree = "<group>";
		};
		0494F54C2B3CDCAE0069153D /* Pooly */ = {
			isa = PBXGroup;
			children = (
				0494F54D2B3CDCAE0069153D /* PoolyApp.swift */,
				043130DD2B3F956D00865BD9 /* Views */,
				0494F5512B3CDCAE0069153D /* Assets.xcassets */,
				0427B43F2B74A4DA00142C10 /* GoogleService-Info.plist */,
				0494F5532B3CDCAE0069153D /* Preview Content */,
				04D12C612B5386E600F11043 /* users.json */,
				04D12C632B53889B00F11043 /* User.swift */,
				04D12C652B538B2600F11043 /* Users.swift */,
			);
			path = Pooly;
			sourceTree = "<group>";
		};
		0494F5532B3CDCAE0069153D /* Preview Content */ = {
			isa = PBXGroup;
			children = (
				0494F5542B3CDCAE0069153D /* Preview Assets.xcassets */,
			);
			path = "Preview Content";
			sourceTree = "<group>";
		};
		52896B2F2B63584000527528 /* GenericComponents */ = {
			isa = PBXGroup;
			children = (
				04852A362B72163E00D1B224 /* TextFieldModifier */,
				52896B302B63586D00527528 /* PrimaryButton */,
				0448B7122B492963000B6638 /* SecondaryButton */,
				043130F82B42414500865BD9 /* Header */,
			);
			path = GenericComponents;
			sourceTree = "<group>";
		};
		52896B302B63586D00527528 /* PrimaryButton */ = {
			isa = PBXGroup;
			children = (
				52896B312B63587E00527528 /* PrimaryButtonView.swift */,
			);
			path = PrimaryButton;
			sourceTree = "<group>";
		};
		52B53CED2B63513800A30404 /* PlayCard */ = {
			isa = PBXGroup;
			children = (
				52B53CEE2B63514C00A30404 /* PlayCardView.swift */,
			);
			path = PlayCard;
			sourceTree = "<group>";
		};
		52EE8C412B708473006C8FF3 /* Drawer */ = {
			isa = PBXGroup;
			children = (
				52EE8C422B708480006C8FF3 /* DrawerController */,
			);
			path = Drawer;
			sourceTree = "<group>";
		};
		52EE8C422B708480006C8FF3 /* DrawerController */ = {
			isa = PBXGroup;
			children = (
				52EE8C432B7084BF006C8FF3 /* DrawerViewController.swift */,
			);
			path = DrawerController;
			sourceTree = "<group>";
		};
/* End PBXGroup section */

/* Begin PBXNativeTarget section */
		0494F5492B3CDCAE0069153D /* Pooly */ = {
			isa = PBXNativeTarget;
			buildConfigurationList = 0494F5582B3CDCAE0069153D /* Build configuration list for PBXNativeTarget "Pooly" */;
			buildPhases = (
				0494F5462B3CDCAE0069153D /* Sources */,
				0494F5472B3CDCAE0069153D /* Frameworks */,
				0494F5482B3CDCAE0069153D /* Resources */,
			);
			buildRules = (
			);
			dependencies = (
			);
			name = Pooly;
			packageProductDependencies = (
				0427B4352B74A43400142C10 /* FirebaseAuth */,
				0427B4372B74A43400142C10 /* FirebaseAuthCombine-Community */,
				0427B4392B74A43400142C10 /* FirebaseFirestore */,
				0427B43B2B74A43400142C10 /* FirebaseFirestoreCombine-Community */,
				0427B43D2B74A43400142C10 /* FirebaseFirestoreSwift */,
			);
			productName = Pooly;
			productReference = 0494F54A2B3CDCAE0069153D /* Pooly.app */;
			productType = "com.apple.product-type.application";
		};
/* End PBXNativeTarget section */

/* Begin PBXProject section */
		0494F5422B3CDCAE0069153D /* Project object */ = {
			isa = PBXProject;
			attributes = {
				BuildIndependentTargetsInParallel = 1;
				LastSwiftUpdateCheck = 1500;
				LastUpgradeCheck = 1500;
				TargetAttributes = {
					0494F5492B3CDCAE0069153D = {
						CreatedOnToolsVersion = 15.0;
					};
				};
			};
			buildConfigurationList = 0494F5452B3CDCAE0069153D /* Build configuration list for PBXProject "Pooly" */;
			compatibilityVersion = "Xcode 14.0";
			developmentRegion = en;
			hasScannedForEncodings = 0;
			knownRegions = (
				en,
				Base,
			);
			mainGroup = 0494F5412B3CDCAE0069153D;
			packageReferences = (
				0427B4342B74A43400142C10 /* XCRemoteSwiftPackageReference "firebase-ios-sdk" */,
			);
			productRefGroup = 0494F54B2B3CDCAE0069153D /* Products */;
			projectDirPath = "";
			projectRoot = "";
			targets = (
				0494F5492B3CDCAE0069153D /* Pooly */,
			);
		};
/* End PBXProject section */

/* Begin PBXResourcesBuildPhase section */
		0494F5482B3CDCAE0069153D /* Resources */ = {
			isa = PBXResourcesBuildPhase;
			buildActionMask = 2147483647;
			files = (
				04D12C622B5386E600F11043 /* users.json in Resources */,
				0427B4402B74A4DA00142C10 /* GoogleService-Info.plist in Resources */,
				0494F5552B3CDCAE0069153D /* Preview Assets.xcassets in Resources */,
				0494F5522B3CDCAE0069153D /* Assets.xcassets in Resources */,
			);
			runOnlyForDeploymentPostprocessing = 0;
		};
/* End PBXResourcesBuildPhase section */

/* Begin PBXSourcesBuildPhase section */
		0494F5462B3CDCAE0069153D /* Sources */ = {
			isa = PBXSourcesBuildPhase;
			buildActionMask = 2147483647;
			files = (
				0448B7112B492213000B6638 /* UserImageNameView.swift in Sources */,
				04852A382B72165F00D1B224 /* TextFieldModifierView.swift in Sources */,
				043130E22B3F96DA00865BD9 /* RootView.swift in Sources */,
				0448B7142B49296F000B6638 /* SecondaryButtonView.swift in Sources */,
				043130EE2B42359A00865BD9 /* TabBarItem.swift in Sources */,
				04852A2F2B72093200D1B224 /* LoginView.swift in Sources */,
				0448B70D2B491E6D000B6638 /* LeaderboardTileView.swift in Sources */,
				52EE8C442B7084BF006C8FF3 /* DrawerViewController.swift in Sources */,
				04D12C662B538B2600F11043 /* Users.swift in Sources */,
				0448B70A2B47F771000B6638 /* AccountTileView.swift in Sources */,
				043130F12B423E1B00865BD9 /* AccountView.swift in Sources */,
				52B53CEF2B63514C00A30404 /* PlayCardView.swift in Sources */,
				043130E82B4206AF00865BD9 /* CustomTabBarView.swift in Sources */,
				043130F42B423E5500865BD9 /* LeaderBoardView.swift in Sources */,
				0448B7172B49379F000B6638 /* RecentGamesView.swift in Sources */,
				043130FA2B42415400865BD9 /* Header.swift in Sources */,
				0494F54E2B3CDCAE0069153D /* PoolyApp.swift in Sources */,
				043130E62B42065A00865BD9 /* AppTabBarView.swift in Sources */,
				043130EA2B420EFF00865BD9 /* CustomTabBarContainerView.swift in Sources */,
				04D12C642B53889B00F11043 /* User.swift in Sources */,
				043130F72B423E7900865BD9 /* PlayView.swift in Sources */,
				0448B71A2B493B74000B6638 /* RecentGameView.swift in Sources */,
				043130EC2B42310700865BD9 /* TabBarItemsPreferenceKey.swift in Sources */,
				52896B322B63587E00527528 /* PrimaryButtonView.swift in Sources */,
			);
			runOnlyForDeploymentPostprocessing = 0;
		};
/* End PBXSourcesBuildPhase section */

/* Begin XCBuildConfiguration section */
		0494F5562B3CDCAE0069153D /* Debug */ = {
			isa = XCBuildConfiguration;
			buildSettings = {
				ALWAYS_SEARCH_USER_PATHS = NO;
				ASSETCATALOG_COMPILER_GENERATE_SWIFT_ASSET_SYMBOL_EXTENSIONS = YES;
				CLANG_ANALYZER_NONNULL = YES;
				CLANG_ANALYZER_NUMBER_OBJECT_CONVERSION = YES_AGGRESSIVE;
				CLANG_CXX_LANGUAGE_STANDARD = "gnu++20";
				CLANG_ENABLE_MODULES = YES;
				CLANG_ENABLE_OBJC_ARC = YES;
				CLANG_ENABLE_OBJC_WEAK = YES;
				CLANG_WARN_BLOCK_CAPTURE_AUTORELEASING = YES;
				CLANG_WARN_BOOL_CONVERSION = YES;
				CLANG_WARN_COMMA = YES;
				CLANG_WARN_CONSTANT_CONVERSION = YES;
				CLANG_WARN_DEPRECATED_OBJC_IMPLEMENTATIONS = YES;
				CLANG_WARN_DIRECT_OBJC_ISA_USAGE = YES_ERROR;
				CLANG_WARN_DOCUMENTATION_COMMENTS = YES;
				CLANG_WARN_EMPTY_BODY = YES;
				CLANG_WARN_ENUM_CONVERSION = YES;
				CLANG_WARN_INFINITE_RECURSION = YES;
				CLANG_WARN_INT_CONVERSION = YES;
				CLANG_WARN_NON_LITERAL_NULL_CONVERSION = YES;
				CLANG_WARN_OBJC_IMPLICIT_RETAIN_SELF = YES;
				CLANG_WARN_OBJC_LITERAL_CONVERSION = YES;
				CLANG_WARN_OBJC_ROOT_CLASS = YES_ERROR;
				CLANG_WARN_QUOTED_INCLUDE_IN_FRAMEWORK_HEADER = YES;
				CLANG_WARN_RANGE_LOOP_ANALYSIS = YES;
				CLANG_WARN_STRICT_PROTOTYPES = YES;
				CLANG_WARN_SUSPICIOUS_MOVE = YES;
				CLANG_WARN_UNGUARDED_AVAILABILITY = YES_AGGRESSIVE;
				CLANG_WARN_UNREACHABLE_CODE = YES;
				CLANG_WARN__DUPLICATE_METHOD_MATCH = YES;
				COPY_PHASE_STRIP = NO;
				DEBUG_INFORMATION_FORMAT = dwarf;
				ENABLE_STRICT_OBJC_MSGSEND = YES;
				ENABLE_TESTABILITY = YES;
				ENABLE_USER_SCRIPT_SANDBOXING = YES;
				GCC_C_LANGUAGE_STANDARD = gnu17;
				GCC_DYNAMIC_NO_PIC = NO;
				GCC_NO_COMMON_BLOCKS = YES;
				GCC_OPTIMIZATION_LEVEL = 0;
				GCC_PREPROCESSOR_DEFINITIONS = (
					"DEBUG=1",
					"$(inherited)",
				);
				GCC_WARN_64_TO_32_BIT_CONVERSION = YES;
				GCC_WARN_ABOUT_RETURN_TYPE = YES_ERROR;
				GCC_WARN_UNDECLARED_SELECTOR = YES;
				GCC_WARN_UNINITIALIZED_AUTOS = YES_AGGRESSIVE;
				GCC_WARN_UNUSED_FUNCTION = YES;
				GCC_WARN_UNUSED_VARIABLE = YES;
				IPHONEOS_DEPLOYMENT_TARGET = 17.0;
				LOCALIZATION_PREFERS_STRING_CATALOGS = YES;
				MTL_ENABLE_DEBUG_INFO = INCLUDE_SOURCE;
				MTL_FAST_MATH = YES;
				ONLY_ACTIVE_ARCH = YES;
				SDKROOT = iphoneos;
				SWIFT_ACTIVE_COMPILATION_CONDITIONS = "DEBUG $(inherited)";
				SWIFT_OPTIMIZATION_LEVEL = "-Onone";
			};
			name = Debug;
		};
		0494F5572B3CDCAE0069153D /* Release */ = {
			isa = XCBuildConfiguration;
			buildSettings = {
				ALWAYS_SEARCH_USER_PATHS = NO;
				ASSETCATALOG_COMPILER_GENERATE_SWIFT_ASSET_SYMBOL_EXTENSIONS = YES;
				CLANG_ANALYZER_NONNULL = YES;
				CLANG_ANALYZER_NUMBER_OBJECT_CONVERSION = YES_AGGRESSIVE;
				CLANG_CXX_LANGUAGE_STANDARD = "gnu++20";
				CLANG_ENABLE_MODULES = YES;
				CLANG_ENABLE_OBJC_ARC = YES;
				CLANG_ENABLE_OBJC_WEAK = YES;
				CLANG_WARN_BLOCK_CAPTURE_AUTORELEASING = YES;
				CLANG_WARN_BOOL_CONVERSION = YES;
				CLANG_WARN_COMMA = YES;
				CLANG_WARN_CONSTANT_CONVERSION = YES;
				CLANG_WARN_DEPRECATED_OBJC_IMPLEMENTATIONS = YES;
				CLANG_WARN_DIRECT_OBJC_ISA_USAGE = YES_ERROR;
				CLANG_WARN_DOCUMENTATION_COMMENTS = YES;
				CLANG_WARN_EMPTY_BODY = YES;
				CLANG_WARN_ENUM_CONVERSION = YES;
				CLANG_WARN_INFINITE_RECURSION = YES;
				CLANG_WARN_INT_CONVERSION = YES;
				CLANG_WARN_NON_LITERAL_NULL_CONVERSION = YES;
				CLANG_WARN_OBJC_IMPLICIT_RETAIN_SELF = YES;
				CLANG_WARN_OBJC_LITERAL_CONVERSION = YES;
				CLANG_WARN_OBJC_ROOT_CLASS = YES_ERROR;
				CLANG_WARN_QUOTED_INCLUDE_IN_FRAMEWORK_HEADER = YES;
				CLANG_WARN_RANGE_LOOP_ANALYSIS = YES;
				CLANG_WARN_STRICT_PROTOTYPES = YES;
				CLANG_WARN_SUSPICIOUS_MOVE = YES;
				CLANG_WARN_UNGUARDED_AVAILABILITY = YES_AGGRESSIVE;
				CLANG_WARN_UNREACHABLE_CODE = YES;
				CLANG_WARN__DUPLICATE_METHOD_MATCH = YES;
				COPY_PHASE_STRIP = NO;
				DEBUG_INFORMATION_FORMAT = "dwarf-with-dsym";
				ENABLE_NS_ASSERTIONS = NO;
				ENABLE_STRICT_OBJC_MSGSEND = YES;
				ENABLE_USER_SCRIPT_SANDBOXING = YES;
				GCC_C_LANGUAGE_STANDARD = gnu17;
				GCC_NO_COMMON_BLOCKS = YES;
				GCC_WARN_64_TO_32_BIT_CONVERSION = YES;
				GCC_WARN_ABOUT_RETURN_TYPE = YES_ERROR;
				GCC_WARN_UNDECLARED_SELECTOR = YES;
				GCC_WARN_UNINITIALIZED_AUTOS = YES_AGGRESSIVE;
				GCC_WARN_UNUSED_FUNCTION = YES;
				GCC_WARN_UNUSED_VARIABLE = YES;
				IPHONEOS_DEPLOYMENT_TARGET = 17.0;
				LOCALIZATION_PREFERS_STRING_CATALOGS = YES;
				MTL_ENABLE_DEBUG_INFO = NO;
				MTL_FAST_MATH = YES;
				SDKROOT = iphoneos;
				SWIFT_COMPILATION_MODE = wholemodule;
				VALIDATE_PRODUCT = YES;
			};
			name = Release;
		};
		0494F5592B3CDCAE0069153D /* Debug */ = {
			isa = XCBuildConfiguration;
			buildSettings = {
				ASSETCATALOG_COMPILER_APPICON_NAME = AppIcon;
				ASSETCATALOG_COMPILER_GLOBAL_ACCENT_COLOR_NAME = AccentColor;
				CODE_SIGN_STYLE = Automatic;
				CURRENT_PROJECT_VERSION = 1;
				DEVELOPMENT_ASSET_PATHS = "\"Pooly/Preview Content\"";
				DEVELOPMENT_TEAM = VXK325FFZ4;
				ENABLE_PREVIEWS = YES;
				GENERATE_INFOPLIST_FILE = YES;
				INFOPLIST_KEY_UIApplicationSceneManifest_Generation = YES;
				INFOPLIST_KEY_UIApplicationSupportsIndirectInputEvents = YES;
				INFOPLIST_KEY_UILaunchScreen_Generation = YES;
				INFOPLIST_KEY_UISupportedInterfaceOrientations_iPad = "UIInterfaceOrientationPortrait UIInterfaceOrientationPortraitUpsideDown UIInterfaceOrientationLandscapeLeft UIInterfaceOrientationLandscapeRight";
				INFOPLIST_KEY_UISupportedInterfaceOrientations_iPhone = "UIInterfaceOrientationPortrait UIInterfaceOrientationLandscapeLeft UIInterfaceOrientationLandscapeRight";
				LD_RUNPATH_SEARCH_PATHS = (
					"$(inherited)",
					"@executable_path/Frameworks",
				);
				MARKETING_VERSION = 1.0;
				PRODUCT_BUNDLE_IDENTIFIER = com.jackbranthwaite.Pooly;
				PRODUCT_NAME = "$(TARGET_NAME)";
				SWIFT_EMIT_LOC_STRINGS = YES;
				SWIFT_VERSION = 5.0;
				TARGETED_DEVICE_FAMILY = "1,2";
			};
			name = Debug;
		};
		0494F55A2B3CDCAE0069153D /* Release */ = {
			isa = XCBuildConfiguration;
			buildSettings = {
				ASSETCATALOG_COMPILER_APPICON_NAME = AppIcon;
				ASSETCATALOG_COMPILER_GLOBAL_ACCENT_COLOR_NAME = AccentColor;
				CODE_SIGN_STYLE = Automatic;
				CURRENT_PROJECT_VERSION = 1;
				DEVELOPMENT_ASSET_PATHS = "\"Pooly/Preview Content\"";
				DEVELOPMENT_TEAM = VXK325FFZ4;
				ENABLE_PREVIEWS = YES;
				GENERATE_INFOPLIST_FILE = YES;
				INFOPLIST_KEY_UIApplicationSceneManifest_Generation = YES;
				INFOPLIST_KEY_UIApplicationSupportsIndirectInputEvents = YES;
				INFOPLIST_KEY_UILaunchScreen_Generation = YES;
				INFOPLIST_KEY_UISupportedInterfaceOrientations_iPad = "UIInterfaceOrientationPortrait UIInterfaceOrientationPortraitUpsideDown UIInterfaceOrientationLandscapeLeft UIInterfaceOrientationLandscapeRight";
				INFOPLIST_KEY_UISupportedInterfaceOrientations_iPhone = "UIInterfaceOrientationPortrait UIInterfaceOrientationLandscapeLeft UIInterfaceOrientationLandscapeRight";
				LD_RUNPATH_SEARCH_PATHS = (
					"$(inherited)",
					"@executable_path/Frameworks",
				);
				MARKETING_VERSION = 1.0;
				PRODUCT_BUNDLE_IDENTIFIER = com.jackbranthwaite.Pooly;
				PRODUCT_NAME = "$(TARGET_NAME)";
				SWIFT_EMIT_LOC_STRINGS = YES;
				SWIFT_VERSION = 5.0;
				TARGETED_DEVICE_FAMILY = "1,2";
			};
			name = Release;
		};
/* End XCBuildConfiguration section */

/* Begin XCConfigurationList section */
		0494F5452B3CDCAE0069153D /* Build configuration list for PBXProject "Pooly" */ = {
			isa = XCConfigurationList;
			buildConfigurations = (
				0494F5562B3CDCAE0069153D /* Debug */,
				0494F5572B3CDCAE0069153D /* Release */,
			);
			defaultConfigurationIsVisible = 0;
			defaultConfigurationName = Release;
		};
		0494F5582B3CDCAE0069153D /* Build configuration list for PBXNativeTarget "Pooly" */ = {
			isa = XCConfigurationList;
			buildConfigurations = (
				0494F5592B3CDCAE0069153D /* Debug */,
				0494F55A2B3CDCAE0069153D /* Release */,
			);
			defaultConfigurationIsVisible = 0;
			defaultConfigurationName = Release;
		};
/* End XCConfigurationList section */

/* Begin XCRemoteSwiftPackageReference section */
		0427B4342B74A43400142C10 /* XCRemoteSwiftPackageReference "firebase-ios-sdk" */ = {
			isa = XCRemoteSwiftPackageReference;
			repositoryURL = "https://github.com/firebase/firebase-ios-sdk.git";
			requirement = {
				kind = upToNextMajorVersion;
				minimumVersion = 10.21.0;
			};
		};
/* End XCRemoteSwiftPackageReference section */

/* Begin XCSwiftPackageProductDependency section */
		0427B4352B74A43400142C10 /* FirebaseAuth */ = {
			isa = XCSwiftPackageProductDependency;
			package = 0427B4342B74A43400142C10 /* XCRemoteSwiftPackageReference "firebase-ios-sdk" */;
			productName = FirebaseAuth;
		};
		0427B4372B74A43400142C10 /* FirebaseAuthCombine-Community */ = {
			isa = XCSwiftPackageProductDependency;
			package = 0427B4342B74A43400142C10 /* XCRemoteSwiftPackageReference "firebase-ios-sdk" */;
			productName = "FirebaseAuthCombine-Community";
		};
		0427B4392B74A43400142C10 /* FirebaseFirestore */ = {
			isa = XCSwiftPackageProductDependency;
			package = 0427B4342B74A43400142C10 /* XCRemoteSwiftPackageReference "firebase-ios-sdk" */;
			productName = FirebaseFirestore;
		};
		0427B43B2B74A43400142C10 /* FirebaseFirestoreCombine-Community */ = {
			isa = XCSwiftPackageProductDependency;
			package = 0427B4342B74A43400142C10 /* XCRemoteSwiftPackageReference "firebase-ios-sdk" */;
			productName = "FirebaseFirestoreCombine-Community";
		};
		0427B43D2B74A43400142C10 /* FirebaseFirestoreSwift */ = {
			isa = XCSwiftPackageProductDependency;
			package = 0427B4342B74A43400142C10 /* XCRemoteSwiftPackageReference "firebase-ios-sdk" */;
			productName = FirebaseFirestoreSwift;
		};
/* End XCSwiftPackageProductDependency section */
	};
	rootObject = 0494F5422B3CDCAE0069153D /* Project object */;
}
